PODS:
  - Alamofire (5.4.3)
  - Differentiator (5.0.0)
  - Kingfisher (7.1.1)
  - RxAppState (1.7.1):
    - RxCocoa (~> 6.2)
    - RxSwift (~> 6.2)
  - RxCocoa (6.2.0):
    - RxRelay (= 6.2.0)
    - RxSwift (= 6.2.0)
  - RxDataSources (5.0.0):
    - Differentiator (~> 5.0)
    - RxCocoa (~> 6.0)
    - RxSwift (~> 6.0)
  - RxRelay (6.2.0):
    - RxSwift (= 6.2.0)
  - RxSwift (6.2.0)

DEPENDENCIES:
  - Alamofire
  - Kingfisher
  - RxAppState
  - RxDataSources
  - RxSwift

SPEC REPOS:
  trunk:
    - Alamofire
    - Differentiator
    - Kingfisher
    - RxAppState
    - RxCocoa
    - RxDataSources
    - RxRelay
    - RxSwift

SPEC CHECKSUMS:
  Alamofire: e447a2774a40c996748296fa2c55112fdbbc42f9
  Differentiator: e8497ceab83c1b10ca233716d547b9af21b9344d
  Kingfisher: f738f9c4a3415823b8e2985d10aa2d6a9f37bc4d
  RxAppState: 9c34f951d4ff8b9034f84016fe766202365bceb2
  RxCocoa: 4baf94bb35f2c0ab31bc0cb9f1900155f646ba42
  RxDataSources: aa47cc1ed6c500fa0dfecac5c979b723542d79cf
  RxRelay: e72dbfd157807478401ef1982e1c61c945c94b2f
  RxSwift: d356ab7bee873611322f134c5f9ef379fa183d8f

PODFILE CHECKSUM: 18fb2a905adbf6443b15d0f93c9ad961c4cfd44c

COCOAPODS: 1.11.2
